
Microsoft Visual Studio Solution File, Format Version 12.00
# Visual Studio Version 16
VisualStudioVersion = 16.0.31729.503
MinimumVisualStudioVersion = 10.0.40219.1
Project("{FAE04EC0-301F-11D3-BF4B-00C04F79EFBC}") = "Szkolenie_Klasy_kolejne", "Szkolenie_Klasy_kolejne.csproj", "{E0A4942B-71E7-4062-858E-A12BF8D694FD}"
EndProject
Global
	GlobalSection(SolutionConfigurationPlatforms) = preSolution
		Debug|Any CPU = Debug|Any CPU
		Release|Any CPU = Release|Any CPU
	EndGlobalSection
	GlobalSection(ProjectConfigurationPlatforms) = postSolution
		{E0A4942B-71E7-4062-858E-A12BF8D694FD}.Debug|Any CPU.ActiveCfg = Debug|Any CPU
		{E0A4942B-71E7-4062-858E-A12BF8D694FD}.Debug|Any CPU.Build.0 = Debug|Any CPU
		{E0A4942B-71E7-4062-858E-A12BF8D694FD}.Release|Any CPU.ActiveCfg = Release|Any CPU
		{E0A4942B-71E7-4062-858E-A12BF8D694FD}.Release|Any CPU.Build.0 = Release|Any CPU
	EndGlobalSection
	GlobalSection(SolutionProperties) = preSolution
		HideSolutionNode = FALSE
	EndGlobalSection
	GlobalSection(ExtensibilityGlobals) = postSolution
		SolutionGuid = {85D53320-5B02-4E0F-8C40-439D8E5945BA}
	EndGlobalSection
EndGlobal
